
Microsoft Visual Studio Solution File, Format Version 12.00
# Visual Studio Version 17
VisualStudioVersion = 17.9.34616.47
MinimumVisualStudioVersion = 10.0.40219.1
Project("{9A19103F-16F7-4668-BE54-9A1E7A4F7556}") = "DemoApi", "DemoApi\DemoApi.csproj", "{5C1A7757-4D86-4F7E-A58E-C319687D8B74}"
EndProject
Project("{FAE04EC0-301F-11D3-BF4B-00C04F79EFBC}") = "DemoApiTests", "DemoApiTests\DemoApiTests.csproj", "{D6202047-9D53-4C5F-BA06-455C6CC8DC63}"
EndProject
Global
	GlobalSection(SolutionConfigurationPlatforms) = preSolution
		Debug|Any CPU = Debug|Any CPU
		Release|Any CPU = Release|Any CPU
	EndGlobalSection
	GlobalSection(ProjectConfigurationPlatforms) = postSolution
		{5C1A7757-4D86-4F7E-A58E-C319687D8B74}.Debug|Any CPU.ActiveCfg = Debug|Any CPU
		{5C1A7757-4D86-4F7E-A58E-C319687D8B74}.Debug|Any CPU.Build.0 = Debug|Any CPU
		{5C1A7757-4D86-4F7E-A58E-C319687D8B74}.Release|Any CPU.ActiveCfg = Release|Any CPU
		{5C1A7757-4D86-4F7E-A58E-C319687D8B74}.Release|Any CPU.Build.0 = Release|Any CPU
		{D6202047-9D53-4C5F-BA06-455C6CC8DC63}.Debug|Any CPU.ActiveCfg = Debug|Any CPU
		{D6202047-9D53-4C5F-BA06-455C6CC8DC63}.Debug|Any CPU.Build.0 = Debug|Any CPU
		{D6202047-9D53-4C5F-BA06-455C6CC8DC63}.Release|Any CPU.ActiveCfg = Release|Any CPU
		{D6202047-9D53-4C5F-BA06-455C6CC8DC63}.Release|Any CPU.Build.0 = Release|Any CPU
	EndGlobalSection
	GlobalSection(SolutionProperties) = preSolution
		HideSolutionNode = FALSE
	EndGlobalSection
	GlobalSection(ExtensibilityGlobals) = postSolution
		SolutionGuid = {D05AAEA3-C453-4AF2-8A75-FE6786A4F856}
	EndGlobalSection
EndGlobal
